{
  "name": "ctry-information-reported",
  "version": "0.0.1",
  "lockfileVersion": 1,
  "requires": true,
  "dependencies": {
    "@types/node": {
      "version": "14.14.35",
      "resolved": "http://npm.nucarf.cn/@types%2fnode/-/node-14.14.35.tgz",
      "integrity": "sha1-QslTpOKxirkx9yR35wEhcvT/oxM=",
      "dev": true
    }
  }
}
